<?xml version="1.0" encoding="utf-8"?>
<Project ToolsVersion="4.0" xmlns="http://schemas.microsoft.com/developer/msbuild/2003">
  <ItemGroup>
    <Filter Include="Source Files">
      <UniqueIdentifier>{4FC737F1-C7A5-4376-A066-2A32D752A2FF}</UniqueIdentifier>
      <Extensions>cpp;c;cc;cxx;def;odl;idl;hpj;bat;asm;asmx</Extensions>
    </Filter>
    <Filter Include="Header Files">
      <UniqueIdentifier>{93995380-89BD-4b04-88EB-625FBE52EBFB}</UniqueIdentifier>
      <Extensions>h;hpp;hxx;hm;inl;inc;xsd</Extensions>
    </Filter>
    <Filter Include="Resource Files">
      <UniqueIdentifier>{67DA6AB6-F800-4c08-8B7A-83BB121AAD01}</UniqueIdentifier>
      <Extensions>rc;ico;cur;bmp;dlg;rc2;rct;bin;rgs;gif;jpg;jpeg;jpe;resx;tiff;tif;png;wav;mfcribbon-ms</Extensions>
    </Filter>
    <Filter Include="Header Files\Lists">
      <UniqueIdentifier>{1e778301-e8e9-4565-b651-8686ec19b419}</UniqueIdentifier>
    </Filter>
    <Filter Include="Header Files\Sockets">
      <UniqueIdentifier>{02e48221-98b3-4875-aa96-796a9aedc4b5}</UniqueIdentifier>
    </Filter>
    <Filter Include="Header Files\IRC">
      <UniqueIdentifier>{a7ca0e66-d9b7-43e2-a3f8-d89744bd3c06}</UniqueIdentifier>
    </Filter>
    <Filter Include="Source Files\Lists">
      <UniqueIdentifier>{b0dabf12-3147-44f6-911e-01142cc4e3a4}</UniqueIdentifier>
    </Filter>
    <Filter Include="Source Files\IRC">
      <UniqueIdentifier>{6f290a91-7cd8-495e-ae20-22c956fcfbcb}</UniqueIdentifier>
    </Filter>
    <Filter Include="Source Files\Sockets">
      <UniqueIdentifier>{95b491ba-ca51-4aad-bdb8-7fae054498d2}</UniqueIdentifier>
    </Filter>
    <Filter Include="Header Files\Strings">
      <UniqueIdentifier>{55c2d716-1fc1-42a3-8dc0-ef730ae338e4}</UniqueIdentifier>
    </Filter>
    <Filter Include="Header Files\Files">
      <UniqueIdentifier>{bd64544d-de91-47a1-afda-21e37a7e31e0}</UniqueIdentifier>
    </Filter>
    <Filter Include="Source Files\Files">
      <UniqueIdentifier>{10026b7d-c0ef-416c-ac1f-9e94064a404f}</UniqueIdentifier>
    </Filter>
    <Filter Include="Header Files\Object Extensions">
      <UniqueIdentifier>{08dcc387-4b58-4f1f-b785-9565fe67f645}</UniqueIdentifier>
    </Filter>
    <Filter Include="Source Files\Object Extensions">
      <UniqueIdentifier>{37b5eaf6-0e4f-4609-8518-1b72f93aebe5}</UniqueIdentifier>
    </Filter>
    <Filter Include="Header Files\DataBuffer">
      <UniqueIdentifier>{aef2e303-8a68-4cf9-8464-c4aef776d3f3}</UniqueIdentifier>
    </Filter>
  </ItemGroup>
  <ItemGroup>
    <ClCompile Include="Functions.c">
      <Filter>Source Files</Filter>
    </ClCompile>
    <ClCompile Include="Jupiter.cpp">
      <Filter>Source Files</Filter>
    </ClCompile>
    <ClCompile Include="IRC.cpp">
      <Filter>Source Files\IRC</Filter>
    </ClCompile>
    <ClCompile Include="IRC_Server.cpp">
      <Filter>Source Files\IRC</Filter>
    </ClCompile>
    <ClCompile Include="Queue.cpp">
      <Filter>Source Files\Lists</Filter>
    </ClCompile>
    <ClCompile Include="TCPSocket.cpp">
      <Filter>Source Files\Sockets</Filter>
    </ClCompile>
    <ClCompile Include="UDPSocket.cpp">
      <Filter>Source Files\Sockets</Filter>
    </ClCompile>
    <ClCompile Include="Socket.cpp">
      <Filter>Source Files\Sockets</Filter>
    </ClCompile>
    <ClCompile Include="SecureSocket.cpp">
      <Filter>Source Files\Sockets</Filter>
    </ClCompile>
    <ClCompile Include="INIFile.cpp">
      <Filter>Source Files\Files</Filter>
    </ClCompile>
    <ClCompile Include="Command.cpp">
      <Filter>Source Files</Filter>
    </ClCompile>
    <ClCompile Include="File.cpp">
      <Filter>Source Files\Files</Filter>
    </ClCompile>
    <ClCompile Include="Timer.cpp">
      <Filter>Source Files</Filter>
    </ClCompile>
    <ClCompile Include="Plugin.cpp">
      <Filter>Source Files\Object Extensions</Filter>
    </ClCompile>
    <ClCompile Include="Rehash.cpp">
      <Filter>Source Files\Object Extensions</Filter>
    </ClCompile>
    <ClCompile Include="Base64.cpp">
      <Filter>Source Files</Filter>
    </ClCompile>
    <ClCompile Include="Base64C.c">
      <Filter>Source Files</Filter>
    </ClCompile>
    <ClCompile Include="IRC_Client.cpp">
      <Filter>Source Files\IRC</Filter>
    </ClCompile>
    <ClCompile Include="XML.cpp">
      <Filter>Source Files\Files</Filter>
    </ClCompile>
    <ClCompile Include="Config.cpp">
      <Filter>Source Files\Files</Filter>
    </ClCompile>
    <ClCompile Include="JSON.cpp">
      <Filter>Source Files\Files</Filter>
    </ClCompile>
    <ClCompile Include="YAML.cpp">
      <Filter>Source Files\Files</Filter>
    </ClCompile>
    <ClCompile Include="XINI.cpp">
      <Filter>Source Files\Files</Filter>
    </ClCompile>
    <ClCompile Include="Hash.c">
      <Filter>Source Files</Filter>
    </ClCompile>
    <ClCompile Include="DataBuffer.cpp">
      <Filter>Source Files</Filter>
    </ClCompile>
  </ItemGroup>
  <ItemGroup>
    <ClInclude Include="Functions.h">
      <Filter>Header Files</Filter>
    </ClInclude>
    <ClInclude Include="resource.h">
      <Filter>Header Files</Filter>
    </ClInclude>
    <ClInclude Include="Jupiter.h">
      <Filter>Header Files</Filter>
    </ClInclude>
    <ClInclude Include="List.h">
      <Filter>Header Files\Lists</Filter>
    </ClInclude>
    <ClInclude Include="Queue.h">
      <Filter>Header Files\Lists</Filter>
    </ClInclude>
    <ClInclude Include="DLList.h">
      <Filter>Header Files\Lists</Filter>
    </ClInclude>
    <ClInclude Include="SLList.h">
      <Filter>Header Files\Lists</Filter>
    </ClInclude>
    <ClInclude Include="UDPSocket.h">
      <Filter>Header Files\Sockets</Filter>
    </ClInclude>
    <ClInclude Include="TCPSocket.h">
      <Filter>Header Files\Sockets</Filter>
    </ClInclude>
    <ClInclude Include="SecureSocket.h">
      <Filter>Header Files\Sockets</Filter>
    </ClInclude>
    <ClInclude Include="Socket.h">
      <Filter>Header Files\Sockets</Filter>
    </ClInclude>
    <ClInclude Include="IRC.h">
      <Filter>Header Files\IRC</Filter>
    </ClInclude>
    <ClInclude Include="IRC_Client.h">
      <Filter>Header Files\IRC</Filter>
    </ClInclude>
    <ClInclude Include="IRC_Server.h">
      <Filter>Header Files\IRC</Filter>
    </ClInclude>
    <ClInclude Include="ArrayList.h">
      <Filter>Header Files\Lists</Filter>
    </ClInclude>
    <ClInclude Include="CString.h">
      <Filter>Header Files\Strings</Filter>
    </ClInclude>
    <ClInclude Include="String_Type.h">
      <Filter>Header Files\Strings</Filter>
    </ClInclude>
    <ClInclude Include="CString_Imp.h">
      <Filter>Header Files\Strings</Filter>
    </ClInclude>
    <ClInclude Include="INIFile.h">
      <Filter>Header Files\Files</Filter>
    </ClInclude>
    <ClInclude Include="Command.h">
      <Filter>Header Files</Filter>
    </ClInclude>
    <ClInclude Include="File.h">
      <Filter>Header Files\Files</Filter>
    </ClInclude>
    <ClInclude Include="Timer.h">
      <Filter>Header Files</Filter>
    </ClInclude>
    <ClInclude Include="Base64.h">
      <Filter>Header Files</Filter>
    </ClInclude>
    <ClInclude Include="Rehash.h">
      <Filter>Header Files\Object Extensions</Filter>
    </ClInclude>
    <ClInclude Include="Plugin.h">
      <Filter>Header Files\Object Extensions</Filter>
    </ClInclude>
    <ClInclude Include="Thinker.h">
      <Filter>Header Files\Object Extensions</Filter>
    </ClInclude>
    <ClInclude Include="IRC_Numerics.h">
      <Filter>Header Files\IRC</Filter>
    </ClInclude>
    <ClInclude Include="InvalidIndex.h">
      <Filter>Header Files</Filter>
    </ClInclude>
    <ClInclude Include="String_Type_Imp.h">
      <Filter>Header Files\Strings</Filter>
    </ClInclude>
    <ClInclude Include="Shift_String.h">
      <Filter>Header Files\Strings</Filter>
    </ClInclude>
    <ClInclude Include="Shift_String_Imp.h">
      <Filter>Header Files\Strings</Filter>
    </ClInclude>
    <ClInclude Include="String.h">
      <Filter>Header Files\Strings</Filter>
    </ClInclude>
    <ClInclude Include="String_Imp.h">
      <Filter>Header Files\Strings</Filter>
    </ClInclude>
    <ClInclude Include="Readable_String.h">
      <Filter>Header Files\Strings</Filter>
    </ClInclude>
    <ClInclude Include="Readable_String_Imp.h">
      <Filter>Header Files\Strings</Filter>
    </ClInclude>
    <ClInclude Include="Reference_String.h">
      <Filter>Header Files\Strings</Filter>
    </ClInclude>
    <ClInclude Include="Reference_String_Imp.h">
      <Filter>Header Files\Strings</Filter>
    </ClInclude>
    <ClInclude Include="Hash.h">
      <Filter>Header Files</Filter>
    </ClInclude>
    <ClInclude Include="Database.h">
      <Filter>Header Files\Files</Filter>
    </ClInclude>
    <ClInclude Include="DataBuffer_Imp.h">
      <Filter>Header Files\DataBuffer</Filter>
    </ClInclude>
    <ClInclude Include="DataBuffer.h">
      <Filter>Header Files\DataBuffer</Filter>
    </ClInclude>
  </ItemGroup>
  <ItemGroup>
    <ResourceCompile Include="Jupiter.rc">
      <Filter>Resource Files</Filter>
    </ResourceCompile>
  </ItemGroup>
  <ItemGroup>
    <Library Include="..\..\..\OpenSSL\Win32\lib\VC\static\libeay32MD.lib">
      <Filter>Resource Files</Filter>
    </Library>
    <Library Include="..\..\..\OpenSSL\Win32\lib\VC\static\ssleay32MD.lib">
      <Filter>Resource Files</Filter>
    </Library>
  </ItemGroup>
</Project>